{
    "name": "graphene",
    "version": "2.48.0",
    "lockfileVersion": 3,
    "requires": true,
    "packages": {
        "": {
            "name": "graphene",
            "version": "2.48.0",
            "dependencies": {
                "@carbon/styles": "^1.100.0",
                "@carbon/web-components": "2.48.0",
                "@ibm/plex": "^6.4.1",
                "esbuild": "^0.20.2",
                "typescript": "^5.4.3"
            },
            "devDependencies": {
                "@types/node": "^20.11.30"
            }
        },
        "node_modules/@carbon/colors": {
            "version": "11.47.0",
            "resolved": "https://registry.npmjs.org/@carbon/colors/-/colors-11.47.0.tgz",
            "integrity": "sha512-MKWgNzucnpc7SjxzpvQZZF7CXwOyHb5SIHy3VgV1fLlnwNUV5qFUGcqOlgqKHHhF42t1BEi9qDF4EkZXBIE7VQ==",
            "hasInstallScript": true,
            "license": "Apache-2.0",
            "dependencies": {
                "@ibm/telemetry-js": "^1.5.0"
            }
        },
        "node_modules/@carbon/feature-flags": {
            "version": "1.0.0",
            "resolved": "https://registry.npmjs.org/@carbon/feature-flags/-/feature-flags-1.0.0.tgz",
            "integrity": "sha512-1WNmR2TFXAmt1je5B/DahEYV7hOrheAxj7djuQrQB8qomPQyxvZ4vaIK5rARUp7HK6HQndpvCD4+IEvagI/Bmg==",
            "hasInstallScript": true,
            "license": "Apache-2.0",
            "dependencies": {
                "@ibm/telemetry-js": "^1.5.0"
            }
        },
        "node_modules/@carbon/grid": {
            "version": "11.50.0",
            "resolved": "https://registry.npmjs.org/@carbon/grid/-/grid-11.50.0.tgz",
            "integrity": "sha512-TzDPTTm6SoUK13AwrBlJEBM//k1TfhvG9ZchpfsQrt0QJPaM4HgIOrLGXTwj/Mye4xXLV7uIglQsL30821dYtA==",
            "hasInstallScript": true,
            "license": "Apache-2.0",
            "dependencies": {
                "@carbon/layout": "^11.48.0",
                "@ibm/telemetry-js": "^1.5.0"
            }
        },
        "node_modules/@carbon/icon-helpers": {
            "version": "10.47.0",
            "resolved": "https://registry.npmjs.org/@carbon/icon-helpers/-/icon-helpers-10.47.0.tgz",
            "integrity": "sha512-vv2Wkuw7lYkYVKrn5ABzlZD+6ioAYwMuyKi2XPqYY3hrHYoL4CQUnuSFDhlj0DR2HHCB0L5MGRLxHLucx5cc7g==",
            "hasInstallScript": true,
            "license": "Apache-2.0",
            "dependencies": {
                "@ibm/telemetry-js": "^1.2.1"
            }
        },
        "node_modules/@carbon/icons": {
            "version": "11.75.0",
            "resolved": "https://registry.npmjs.org/@carbon/icons/-/icons-11.75.0.tgz",
            "integrity": "sha512-OjBGODUgBmA0z7FhXwXJZCXO5g36MRXXvNpJgVn4Bx3GRJ/5855Q6LuNb8okNnFn3wsgx5pVd1PFQqyJLrH29g==",
            "hasInstallScript": true,
            "license": "Apache-2.0",
            "dependencies": {
                "@ibm/telemetry-js": "^1.5.0"
            }
        },
        "node_modules/@carbon/layout": {
            "version": "11.48.0",
            "resolved": "https://registry.npmjs.org/@carbon/layout/-/layout-11.48.0.tgz",
            "integrity": "sha512-c8VGSqHJ8cEqBqT2Au0cJK6vuhpimxoBCtHDK/bPRwgce2tjYcoBIGxY8QVMs2woKoQcgCKtluKyo/drEZWYww==",
            "hasInstallScript": true,
            "license": "Apache-2.0",
            "dependencies": {
                "@ibm/telemetry-js": "^1.5.0"
            }
        },
        "node_modules/@carbon/motion": {
            "version": "11.41.0",
            "resolved": "https://registry.npmjs.org/@carbon/motion/-/motion-11.41.0.tgz",
            "integrity": "sha512-K8s4XchsUJKTd5giYhozMewkVzQT/1a2x3mdNVaiF/T7eI+xQVIS+TVdYOCwHGVParzXuNAXdxOEnh/BhcoKdA==",
            "hasInstallScript": true,
            "license": "Apache-2.0",
            "dependencies": {
                "@ibm/telemetry-js": "^1.5.0"
            }
        },
        "node_modules/@carbon/styles": {
            "version": "1.100.0",
            "resolved": "https://registry.npmjs.org/@carbon/styles/-/styles-1.100.0.tgz",
            "integrity": "sha512-Oi47BaLC+iNFGidw904JePSAIjFpmpMD/3vZLFX2m6Xp472c6OM8/BV7w5+k5MQV+Tj8flMlYwG86YkDvjjrDA==",
            "hasInstallScript": true,
            "license": "Apache-2.0",
            "dependencies": {
                "@carbon/colors": "^11.47.0",
                "@carbon/feature-flags": "1.0.0",
                "@carbon/grid": "^11.50.0",
                "@carbon/layout": "^11.48.0",
                "@carbon/motion": "^11.41.0",
                "@carbon/themes": "^11.68.0",
                "@carbon/type": "^11.54.0",
                "@ibm/plex": "6.0.0-next.6",
                "@ibm/plex-mono": "1.1.0",
                "@ibm/plex-sans": "1.1.0",
                "@ibm/plex-sans-arabic": "1.1.0",
                "@ibm/plex-sans-devanagari": "1.1.0",
                "@ibm/plex-sans-hebrew": "1.1.0",
                "@ibm/plex-sans-thai": "1.1.0",
                "@ibm/plex-sans-thai-looped": "1.1.0",
                "@ibm/plex-serif": "1.1.0",
                "@ibm/telemetry-js": "^1.5.0"
            },
            "peerDependencies": {
                "sass": "^1.33.0"
            },
            "peerDependenciesMeta": {
                "sass": {
                    "optional": true
                }
            }
        },
        "node_modules/@carbon/styles/node_modules/@ibm/plex": {
            "version": "6.0.0-next.6",
            "resolved": "https://registry.npmjs.org/@ibm/plex/-/plex-6.0.0-next.6.tgz",
            "integrity": "sha512-B3uGruTn2rS5gweynLmfSe7yCawSRsJguJJQHVQiqf4rh2RNgJFu8YLE2Zd/JHV0ZXoVMOslcXP2k3hMkxKEyA==",
            "license": "OFL-1.1",
            "engines": {
                "node": ">=14"
            }
        },
        "node_modules/@carbon/themes": {
            "version": "11.68.0",
            "resolved": "https://registry.npmjs.org/@carbon/themes/-/themes-11.68.0.tgz",
            "integrity": "sha512-UeZad1a4IKkPd+u3GB8/K+CZ39SCd7tzczBfJva3TgZewSrfwb0H3UKqbAsOsRmL8iI4qExwm8o+/uc5eoRQ+g==",
            "hasInstallScript": true,
            "license": "Apache-2.0",
            "dependencies": {
                "@carbon/colors": "^11.47.0",
                "@carbon/layout": "^11.48.0",
                "@carbon/type": "^11.54.0",
                "@ibm/telemetry-js": "^1.5.0",
                "color": "^4.0.0"
            }
        },
        "node_modules/@carbon/type": {
            "version": "11.54.0",
            "resolved": "https://registry.npmjs.org/@carbon/type/-/type-11.54.0.tgz",
            "integrity": "sha512-/XMzjyEJ+lHtMSjsjY4c/C8DzRZACxE2q1RTWJOL77WN7h+nTDAzLni+xNTLYQP9masAHHlD4CPWPbw8hFw+GQ==",
            "hasInstallScript": true,
            "license": "Apache-2.0",
            "dependencies": {
                "@carbon/grid": "^11.50.0",
                "@carbon/layout": "^11.48.0",
                "@ibm/telemetry-js": "^1.5.0"
            }
        },
        "node_modules/@carbon/web-components": {
            "version": "2.48.0",
            "resolved": "https://registry.npmjs.org/@carbon/web-components/-/web-components-2.48.0.tgz",
            "integrity": "sha512-BR+nk9RgaZ6dAJQ7LybF8kYEyIAkjuc2BkHKVl2HNbE2ALdM52F9Z5z32vU+GkwE58stsNbtzpUwIAcl+HYsTg==",
            "hasInstallScript": true,
            "license": "Apache-2.0",
            "dependencies": {
                "@carbon/icon-helpers": "10.47.0",
                "@carbon/icons": "^11.75.0",
                "@carbon/styles": "^1.100.0",
                "@floating-ui/dom": "^1.6.3",
                "@ibm/telemetry-js": "^1.10.2",
                "@lit/context": "^1.1.3",
                "flatpickr": "4.6.13",
                "lit": "^3.1.0",
                "lodash-es": "^4.17.21",
                "tslib": "^2.6.3"
            }
        },
        "node_modules/@esbuild/aix-ppc64": {
            "version": "0.20.2",
            "resolved": "https://registry.npmjs.org/@esbuild/aix-ppc64/-/aix-ppc64-0.20.2.tgz",
            "integrity": "sha512-D+EBOJHXdNZcLJRBkhENNG8Wji2kgc9AZ9KiPr1JuZjsNtyHzrsfLRrY0tk2H2aoFu6RANO1y1iPPUCDYWkb5g==",
            "cpu": [
                "ppc64"
            ],
            "license": "MIT",
            "optional": true,
            "os": [
                "aix"
            ],
            "engines": {
                "node": ">=12"
            }
        },
        "node_modules/@esbuild/android-arm": {
            "version": "0.20.2",
            "resolved": "https://registry.npmjs.org/@esbuild/android-arm/-/android-arm-0.20.2.tgz",
            "integrity": "sha512-t98Ra6pw2VaDhqNWO2Oph2LXbz/EJcnLmKLGBJwEwXX/JAN83Fym1rU8l0JUWK6HkIbWONCSSatf4sf2NBRx/w==",
            "cpu": [
                "arm"
            ],
            "license": "MIT",
            "optional": true,
            "os": [
                "android"
            ],
            "engines": {
                "node": ">=12"
            }
        },
        "node_modules/@esbuild/android-arm64": {
            "version": "0.20.2",
            "resolved": "https://registry.npmjs.org/@esbuild/android-arm64/-/android-arm64-0.20.2.tgz",
            "integrity": "sha512-mRzjLacRtl/tWU0SvD8lUEwb61yP9cqQo6noDZP/O8VkwafSYwZ4yWy24kan8jE/IMERpYncRt2dw438LP3Xmg==",
            "cpu": [
                "arm64"
            ],
            "license": "MIT",
            "optional": true,
            "os": [
                "android"
            ],
            "engines": {
                "node": ">=12"
            }
        },
        "node_modules/@esbuild/android-x64": {
            "version": "0.20.2",
            "resolved": "https://registry.npmjs.org/@esbuild/android-x64/-/android-x64-0.20.2.tgz",
            "integrity": "sha512-btzExgV+/lMGDDa194CcUQm53ncxzeBrWJcncOBxuC6ndBkKxnHdFJn86mCIgTELsooUmwUm9FkhSp5HYu00Rg==",
            "cpu": [
                "x64"
            ],
            "license": "MIT",
            "optional": true,
            "os": [
                "android"
            ],
            "engines": {
                "node": ">=12"
            }
        },
        "node_modules/@esbuild/darwin-arm64": {
            "version": "0.20.2",
            "resolved": "https://registry.npmjs.org/@esbuild/darwin-arm64/-/darwin-arm64-0.20.2.tgz",
            "integrity": "sha512-4J6IRT+10J3aJH3l1yzEg9y3wkTDgDk7TSDFX+wKFiWjqWp/iCfLIYzGyasx9l0SAFPT1HwSCR+0w/h1ES/MjA==",
            "cpu": [
                "arm64"
            ],
            "license": "MIT",
            "optional": true,
            "os": [
                "darwin"
            ],
            "engines": {
                "node": ">=12"
            }
        },
        "node_modules/@esbuild/darwin-x64": {
            "version": "0.20.2",
            "resolved": "https://registry.npmjs.org/@esbuild/darwin-x64/-/darwin-x64-0.20.2.tgz",
            "integrity": "sha512-tBcXp9KNphnNH0dfhv8KYkZhjc+H3XBkF5DKtswJblV7KlT9EI2+jeA8DgBjp908WEuYll6pF+UStUCfEpdysA==",
            "cpu": [
                "x64"
            ],
            "license": "MIT",
            "optional": true,
            "os": [
                "darwin"
            ],
            "engines": {
                "node": ">=12"
            }
        },
        "node_modules/@esbuild/freebsd-arm64": {
            "version": "0.20.2",
            "resolved": "https://registry.npmjs.org/@esbuild/freebsd-arm64/-/freebsd-arm64-0.20.2.tgz",
            "integrity": "sha512-d3qI41G4SuLiCGCFGUrKsSeTXyWG6yem1KcGZVS+3FYlYhtNoNgYrWcvkOoaqMhwXSMrZRl69ArHsGJ9mYdbbw==",
            "cpu": [
                "arm64"
            ],
            "license": "MIT",
            "optional": true,
            "os": [
                "freebsd"
            ],
            "engines": {
                "node": ">=12"
            }
        },
        "node_modules/@esbuild/freebsd-x64": {
            "version": "0.20.2",
            "resolved": "https://registry.npmjs.org/@esbuild/freebsd-x64/-/freebsd-x64-0.20.2.tgz",
            "integrity": "sha512-d+DipyvHRuqEeM5zDivKV1KuXn9WeRX6vqSqIDgwIfPQtwMP4jaDsQsDncjTDDsExT4lR/91OLjRo8bmC1e+Cw==",
            "cpu": [
                "x64"
            ],
            "license": "MIT",
            "optional": true,
            "os": [
                "freebsd"
            ],
            "engines": {
                "node": ">=12"
            }
        },
        "node_modules/@esbuild/linux-arm": {
            "version": "0.20.2",
            "resolved": "https://registry.npmjs.org/@esbuild/linux-arm/-/linux-arm-0.20.2.tgz",
            "integrity": "sha512-VhLPeR8HTMPccbuWWcEUD1Az68TqaTYyj6nfE4QByZIQEQVWBB8vup8PpR7y1QHL3CpcF6xd5WVBU/+SBEvGTg==",
            "cpu": [
                "arm"
            ],
            "license": "MIT",
            "optional": true,
            "os": [
                "linux"
            ],
            "engines": {
                "node": ">=12"
            }
        },
        "node_modules/@esbuild/linux-arm64": {
            "version": "0.20.2",
            "resolved": "https://registry.npmjs.org/@esbuild/linux-arm64/-/linux-arm64-0.20.2.tgz",
            "integrity": "sha512-9pb6rBjGvTFNira2FLIWqDk/uaf42sSyLE8j1rnUpuzsODBq7FvpwHYZxQ/It/8b+QOS1RYfqgGFNLRI+qlq2A==",
            "cpu": [
                "arm64"
            ],
            "license": "MIT",
            "optional": true,
            "os": [
                "linux"
            ],
            "engines": {
                "node": ">=12"
            }
        },
        "node_modules/@esbuild/linux-ia32": {
            "version": "0.20.2",
            "resolved": "https://registry.npmjs.org/@esbuild/linux-ia32/-/linux-ia32-0.20.2.tgz",
            "integrity": "sha512-o10utieEkNPFDZFQm9CoP7Tvb33UutoJqg3qKf1PWVeeJhJw0Q347PxMvBgVVFgouYLGIhFYG0UGdBumROyiig==",
            "cpu": [
                "ia32"
            ],
            "license": "MIT",
            "optional": true,
            "os": [
                "linux"
            ],
            "engines": {
                "node": ">=12"
            }
        },
        "node_modules/@esbuild/linux-loong64": {
            "version": "0.20.2",
            "resolved": "https://registry.npmjs.org/@esbuild/linux-loong64/-/linux-loong64-0.20.2.tgz",
            "integrity": "sha512-PR7sp6R/UC4CFVomVINKJ80pMFlfDfMQMYynX7t1tNTeivQ6XdX5r2XovMmha/VjR1YN/HgHWsVcTRIMkymrgQ==",
            "cpu": [
                "loong64"
            ],
            "license": "MIT",
            "optional": true,
            "os": [
                "linux"
            ],
            "engines": {
                "node": ">=12"
            }
        },
        "node_modules/@esbuild/linux-mips64el": {
            "version": "0.20.2",
            "resolved": "https://registry.npmjs.org/@esbuild/linux-mips64el/-/linux-mips64el-0.20.2.tgz",
            "integrity": "sha512-4BlTqeutE/KnOiTG5Y6Sb/Hw6hsBOZapOVF6njAESHInhlQAghVVZL1ZpIctBOoTFbQyGW+LsVYZ8lSSB3wkjA==",
            "cpu": [
                "mips64el"
            ],
            "license": "MIT",
            "optional": true,
            "os": [
                "linux"
            ],
            "engines": {
                "node": ">=12"
            }
        },
        "node_modules/@esbuild/linux-ppc64": {
            "version": "0.20.2",
            "resolved": "https://registry.npmjs.org/@esbuild/linux-ppc64/-/linux-ppc64-0.20.2.tgz",
            "integrity": "sha512-rD3KsaDprDcfajSKdn25ooz5J5/fWBylaaXkuotBDGnMnDP1Uv5DLAN/45qfnf3JDYyJv/ytGHQaziHUdyzaAg==",
            "cpu": [
                "ppc64"
            ],
            "license": "MIT",
            "optional": true,
            "os": [
                "linux"
            ],
            "engines": {
                "node": ">=12"
            }
        },
        "node_modules/@esbuild/linux-riscv64": {
            "version": "0.20.2",
            "resolved": "https://registry.npmjs.org/@esbuild/linux-riscv64/-/linux-riscv64-0.20.2.tgz",
            "integrity": "sha512-snwmBKacKmwTMmhLlz/3aH1Q9T8v45bKYGE3j26TsaOVtjIag4wLfWSiZykXzXuE1kbCE+zJRmwp+ZbIHinnVg==",
            "cpu": [
                "riscv64"
            ],
            "license": "MIT",
            "optional": true,
            "os": [
                "linux"
            ],
            "engines": {
                "node": ">=12"
            }
        },
        "node_modules/@esbuild/linux-s390x": {
            "version": "0.20.2",
            "resolved": "https://registry.npmjs.org/@esbuild/linux-s390x/-/linux-s390x-0.20.2.tgz",
            "integrity": "sha512-wcWISOobRWNm3cezm5HOZcYz1sKoHLd8VL1dl309DiixxVFoFe/o8HnwuIwn6sXre88Nwj+VwZUvJf4AFxkyrQ==",
            "cpu": [
                "s390x"
            ],
            "license": "MIT",
            "optional": true,
            "os": [
                "linux"
            ],
            "engines": {
                "node": ">=12"
            }
        },
        "node_modules/@esbuild/linux-x64": {
            "version": "0.20.2",
            "resolved": "https://registry.npmjs.org/@esbuild/linux-x64/-/linux-x64-0.20.2.tgz",
            "integrity": "sha512-1MdwI6OOTsfQfek8sLwgyjOXAu+wKhLEoaOLTjbijk6E2WONYpH9ZU2mNtR+lZ2B4uwr+usqGuVfFT9tMtGvGw==",
            "cpu": [
                "x64"
            ],
            "license": "MIT",
            "optional": true,
            "os": [
                "linux"
            ],
            "engines": {
                "node": ">=12"
            }
        },
        "node_modules/@esbuild/netbsd-x64": {
            "version": "0.20.2",
            "resolved": "https://registry.npmjs.org/@esbuild/netbsd-x64/-/netbsd-x64-0.20.2.tgz",
            "integrity": "sha512-K8/DhBxcVQkzYc43yJXDSyjlFeHQJBiowJ0uVL6Tor3jGQfSGHNNJcWxNbOI8v5k82prYqzPuwkzHt3J1T1iZQ==",
            "cpu": [
                "x64"
            ],
            "license": "MIT",
            "optional": true,
            "os": [
                "netbsd"
            ],
            "engines": {
                "node": ">=12"
            }
        },
        "node_modules/@esbuild/openbsd-x64": {
            "version": "0.20.2",
            "resolved": "https://registry.npmjs.org/@esbuild/openbsd-x64/-/openbsd-x64-0.20.2.tgz",
            "integrity": "sha512-eMpKlV0SThJmmJgiVyN9jTPJ2VBPquf6Kt/nAoo6DgHAoN57K15ZghiHaMvqjCye/uU4X5u3YSMgVBI1h3vKrQ==",
            "cpu": [
                "x64"
            ],
            "license": "MIT",
            "optional": true,
            "os": [
                "openbsd"
            ],
            "engines": {
                "node": ">=12"
            }
        },
        "node_modules/@esbuild/sunos-x64": {
            "version": "0.20.2",
            "resolved": "https://registry.npmjs.org/@esbuild/sunos-x64/-/sunos-x64-0.20.2.tgz",
            "integrity": "sha512-2UyFtRC6cXLyejf/YEld4Hajo7UHILetzE1vsRcGL3earZEW77JxrFjH4Ez2qaTiEfMgAXxfAZCm1fvM/G/o8w==",
            "cpu": [
                "x64"
            ],
            "license": "MIT",
            "optional": true,
            "os": [
                "sunos"
            ],
            "engines": {
                "node": ">=12"
            }
        },
        "node_modules/@esbuild/win32-arm64": {
            "version": "0.20.2",
            "resolved": "https://registry.npmjs.org/@esbuild/win32-arm64/-/win32-arm64-0.20.2.tgz",
            "integrity": "sha512-GRibxoawM9ZCnDxnP3usoUDO9vUkpAxIIZ6GQI+IlVmr5kP3zUq+l17xELTHMWTWzjxa2guPNyrpq1GWmPvcGQ==",
            "cpu": [
                "arm64"
            ],
            "license": "MIT",
            "optional": true,
            "os": [
                "win32"
            ],
            "engines": {
                "node": ">=12"
            }
        },
        "node_modules/@esbuild/win32-ia32": {
            "version": "0.20.2",
            "resolved": "https://registry.npmjs.org/@esbuild/win32-ia32/-/win32-ia32-0.20.2.tgz",
            "integrity": "sha512-HfLOfn9YWmkSKRQqovpnITazdtquEW8/SoHW7pWpuEeguaZI4QnCRW6b+oZTztdBnZOS2hqJ6im/D5cPzBTTlQ==",
            "cpu": [
                "ia32"
            ],
            "license": "MIT",
            "optional": true,
            "os": [
                "win32"
            ],
            "engines": {
                "node": ">=12"
            }
        },
        "node_modules/@esbuild/win32-x64": {
            "version": "0.20.2",
            "resolved": "https://registry.npmjs.org/@esbuild/win32-x64/-/win32-x64-0.20.2.tgz",
            "integrity": "sha512-N49X4lJX27+l9jbLKSqZ6bKNjzQvHaT8IIFUy+YIqmXQdjYCToGWwOItDrfby14c78aDd5NHQl29xingXfCdLQ==",
            "cpu": [
                "x64"
            ],
            "license": "MIT",
            "optional": true,
            "os": [
                "win32"
            ],
            "engines": {
                "node": ">=12"
            }
        },
        "node_modules/@floating-ui/core": {
            "version": "1.7.4",
            "resolved": "https://registry.npmjs.org/@floating-ui/core/-/core-1.7.4.tgz",
            "integrity": "sha512-C3HlIdsBxszvm5McXlB8PeOEWfBhcGBTZGkGlWc2U0KFY5IwG5OQEuQ8rq52DZmcHDlPLd+YFBK+cZcytwIFWg==",
            "license": "MIT",
            "dependencies": {
                "@floating-ui/utils": "^0.2.10"
            }
        },
        "node_modules/@floating-ui/dom": {
            "version": "1.7.5",
            "resolved": "https://registry.npmjs.org/@floating-ui/dom/-/dom-1.7.5.tgz",
            "integrity": "sha512-N0bD2kIPInNHUHehXhMke1rBGs1dwqvC9O9KYMyyjK7iXt7GAhnro7UlcuYcGdS/yYOlq0MAVgrow8IbWJwyqg==",
            "license": "MIT",
            "dependencies": {
                "@floating-ui/core": "^1.7.4",
                "@floating-ui/utils": "^0.2.10"
            }
        },
        "node_modules/@floating-ui/utils": {
            "version": "0.2.10",
            "resolved": "https://registry.npmjs.org/@floating-ui/utils/-/utils-0.2.10.tgz",
            "integrity": "sha512-aGTxbpbg8/b5JfU1HXSrbH3wXZuLPJcNEcZQFMxLs3oSzgtVu6nFPkbbGGUvBcUjKV2YyB9Wxxabo+HEH9tcRQ==",
            "license": "MIT"
        },
        "node_modules/@ibm/plex": {
            "version": "6.4.1",
            "resolved": "https://registry.npmjs.org/@ibm/plex/-/plex-6.4.1.tgz",
            "integrity": "sha512-fnsipQywHt3zWvsnlyYKMikcVI7E2fEwpiPnIHFqlbByXVfQfANAAeJk1IV4mNnxhppUIDlhU0TzwYwL++Rn2g==",
            "hasInstallScript": true,
            "license": "OFL-1.1",
            "dependencies": {
                "@ibm/telemetry-js": "^1.5.1"
            }
        },
        "node_modules/@ibm/plex-mono": {
            "version": "1.1.0",
            "resolved": "https://registry.npmjs.org/@ibm/plex-mono/-/plex-mono-1.1.0.tgz",
            "integrity": "sha512-hpsdRxR3BRJkC6wGM4MZcUFD6C8M+mmK76RtAy/hlsfPro9FzpXVdIWC+G3jeQOXof109dxlUvmeKxpeKUG68A==",
            "hasInstallScript": true,
            "license": "OFL-1.1",
            "dependencies": {
                "@ibm/telemetry-js": "^1.6.1"
            }
        },
        "node_modules/@ibm/plex-sans": {
            "version": "1.1.0",
            "resolved": "https://registry.npmjs.org/@ibm/plex-sans/-/plex-sans-1.1.0.tgz",
            "integrity": "sha512-WPgvO6Yfj2w5YbhyAr1tv95RUz4LRJlqN+CmYvBglabXteufP1D1E9BABMde+ZIKdRbFJDoKF5eQzfhpnbgZcQ==",
            "hasInstallScript": true,
            "license": "OFL-1.1",
            "dependencies": {
                "@ibm/telemetry-js": "^1.6.1"
            }
        },
        "node_modules/@ibm/plex-sans-arabic": {
            "version": "1.1.0",
            "resolved": "https://registry.npmjs.org/@ibm/plex-sans-arabic/-/plex-sans-arabic-1.1.0.tgz",
            "integrity": "sha512-u8wIS6szLAOFvlBjCFZmtpKIqbhuIuniG2N0J+sio8vV6INH58hP0t0QNYrSl9SZtCv2Fwb4oQGuZJY3kJ4+QA==",
            "hasInstallScript": true,
            "license": "OFL-1.1",
            "dependencies": {
                "@ibm/telemetry-js": "^1.6.1"
            }
        },
        "node_modules/@ibm/plex-sans-devanagari": {
            "version": "1.1.0",
            "resolved": "https://registry.npmjs.org/@ibm/plex-sans-devanagari/-/plex-sans-devanagari-1.1.0.tgz",
            "integrity": "sha512-IVNV9NxXZDzcGZRao/xj+kiFwkdLkcw5vNiKwY8wEzzkpjApXJnPhJ0a7mIKNAh8oIadTIF68+iGtzRKK3nXAQ==",
            "hasInstallScript": true,
            "license": "OFL-1.1",
            "dependencies": {
                "@ibm/telemetry-js": "^1.6.1"
            }
        },
        "node_modules/@ibm/plex-sans-hebrew": {
            "version": "1.1.0",
            "resolved": "https://registry.npmjs.org/@ibm/plex-sans-hebrew/-/plex-sans-hebrew-1.1.0.tgz",
            "integrity": "sha512-iix0rLpUD0E8dE8q+/t3B7u1or7h6gEzoy6TK9NwP41AN31WE55f2cFwQAXomBDwr0Ozc9sHYy97NutEukZXzQ==",
            "hasInstallScript": true,
            "license": "OFL-1.1",
            "dependencies": {
                "@ibm/telemetry-js": "^1.6.1"
            }
        },
        "node_modules/@ibm/plex-sans-thai": {
            "version": "1.1.0",
            "resolved": "https://registry.npmjs.org/@ibm/plex-sans-thai/-/plex-sans-thai-1.1.0.tgz",
            "integrity": "sha512-vk7IrjdO69eEElJpFBppCha/wvU48DFyVuDewcfIf5L6Z11s0vbROANCvKipVPRUz1LE4ron8KoitWGcl3AlfA==",
            "hasInstallScript": true,
            "license": "OFL-1.1",
            "dependencies": {
                "@ibm/telemetry-js": "^1.6.1"
            }
        },
        "node_modules/@ibm/plex-sans-thai-looped": {
            "version": "1.1.0",
            "resolved": "https://registry.npmjs.org/@ibm/plex-sans-thai-looped/-/plex-sans-thai-looped-1.1.0.tgz",
            "integrity": "sha512-9zbDGzmtscHgBRTF88y3/92zQx6lmKjz5ZxhgcljilwOpj08BAytDc3mzUl9XGUh+DmOMl0Ql1lk6ecsEYYg2w==",
            "hasInstallScript": true,
            "license": "OFL-1.1",
            "dependencies": {
                "@ibm/telemetry-js": "^1.6.1"
            }
        },
        "node_modules/@ibm/plex-serif": {
            "version": "1.1.0",
            "resolved": "https://registry.npmjs.org/@ibm/plex-serif/-/plex-serif-1.1.0.tgz",
            "integrity": "sha512-ORIyWlK8t8mvpFI7AAfhVFH+sacink2l9AjLiKZscmAzLVSa2dqFckrPOXqx4dK/cax567gWwCpJNEYk7xWxBQ==",
            "hasInstallScript": true,
            "license": "OFL-1.1",
            "dependencies": {
                "@ibm/telemetry-js": "^1.6.1"
            }
        },
        "node_modules/@ibm/telemetry-js": {
            "version": "1.11.0",
            "resolved": "https://registry.npmjs.org/@ibm/telemetry-js/-/telemetry-js-1.11.0.tgz",
            "integrity": "sha512-RO/9j+URJnSfseWg9ZkEX9p+a3Ousd33DBU7rOafoZB08RqdzxFVYJ2/iM50dkBuD0o7WX7GYt1sLbNgCoE+pA==",
            "license": "Apache-2.0",
            "bin": {
                "ibmtelemetry": "dist/collect.js"
            }
        },
        "node_modules/@lit-labs/ssr-dom-shim": {
            "version": "1.5.1",
            "resolved": "https://registry.npmjs.org/@lit-labs/ssr-dom-shim/-/ssr-dom-shim-1.5.1.tgz",
            "integrity": "sha512-Aou5UdlSpr5whQe8AA/bZG0jMj96CoJIWbGfZ91qieWu5AWUMKw8VR/pAkQkJYvBNhmCcWnZlyyk5oze8JIqYA==",
            "license": "BSD-3-Clause"
        },
        "node_modules/@lit/context": {
            "version": "1.1.6",
            "resolved": "https://registry.npmjs.org/@lit/context/-/context-1.1.6.tgz",
            "integrity": "sha512-M26qDE6UkQbZA2mQ3RjJ3Gzd8TxP+/0obMgE5HfkfLhEEyYE3Bui4A5XHiGPjy0MUGAyxB3QgVuw2ciS0kHn6A==",
            "license": "BSD-3-Clause",
            "dependencies": {
                "@lit/reactive-element": "^1.6.2 || ^2.1.0"
            }
        },
        "node_modules/@lit/reactive-element": {
            "version": "2.1.2",
            "resolved": "https://registry.npmjs.org/@lit/reactive-element/-/reactive-element-2.1.2.tgz",
            "integrity": "sha512-pbCDiVMnne1lYUIaYNN5wrwQXDtHaYtg7YEFPeW+hws6U47WeFvISGUWekPGKWOP1ygrs0ef0o1VJMk1exos5A==",
            "license": "BSD-3-Clause",
            "dependencies": {
                "@lit-labs/ssr-dom-shim": "^1.5.0"
            }
        },
        "node_modules/@types/node": {
            "version": "20.19.33",
            "resolved": "https://registry.npmjs.org/@types/node/-/node-20.19.33.tgz",
            "integrity": "sha512-Rs1bVAIdBs5gbTIKza/tgpMuG1k3U/UMJLWecIMxNdJFDMzcM5LOiLVRYh3PilWEYDIeUDv7bpiHPLPsbydGcw==",
            "dev": true,
            "license": "MIT",
            "dependencies": {
                "undici-types": "~6.21.0"
            }
        },
        "node_modules/@types/trusted-types": {
            "version": "2.0.7",
            "resolved": "https://registry.npmjs.org/@types/trusted-types/-/trusted-types-2.0.7.tgz",
            "integrity": "sha512-ScaPdn1dQczgbl0QFTeTOmVHFULt394XJgOQNoyVhZ6r2vLnMLJfBPd53SB52T/3G36VI1/g2MZaX0cwDuXsfw==",
            "license": "MIT"
        },
        "node_modules/color": {
            "version": "4.2.3",
            "resolved": "https://registry.npmjs.org/color/-/color-4.2.3.tgz",
            "integrity": "sha512-1rXeuUUiGGrykh+CeBdu5Ie7OJwinCgQY0bc7GCRxy5xVHy+moaqkpL/jqQq0MtQOeYcrqEz4abc5f0KtU7W4A==",
            "license": "MIT",
            "dependencies": {
                "color-convert": "^2.0.1",
                "color-string": "^1.9.0"
            },
            "engines": {
                "node": ">=12.5.0"
            }
        },
        "node_modules/color-convert": {
            "version": "2.0.1",
            "resolved": "https://registry.npmjs.org/color-convert/-/color-convert-2.0.1.tgz",
            "integrity": "sha512-RRECPsj7iu/xb5oKYcsFHSppFNnsj/52OVTRKb4zP5onXwVF3zVmmToNcOfGC+CRDpfK/U584fMg38ZHCaElKQ==",
            "license": "MIT",
            "dependencies": {
                "color-name": "~1.1.4"
            },
            "engines": {
                "node": ">=7.0.0"
            }
        },
        "node_modules/color-name": {
            "version": "1.1.4",
            "resolved": "https://registry.npmjs.org/color-name/-/color-name-1.1.4.tgz",
            "integrity": "sha512-dOy+3AuW3a2wNbZHIuMZpTcgjGuLU/uBL/ubcZF9OXbDo8ff4O8yVp5Bf0efS8uEoYo5q4Fx7dY9OgQGXgAsQA==",
            "license": "MIT"
        },
        "node_modules/color-string": {
            "version": "1.9.1",
            "resolved": "https://registry.npmjs.org/color-string/-/color-string-1.9.1.tgz",
            "integrity": "sha512-shrVawQFojnZv6xM40anx4CkoDP+fZsw/ZerEMsW/pyzsRbElpsL/DBVW7q3ExxwusdNXI3lXpuhEZkzs8p5Eg==",
            "license": "MIT",
            "dependencies": {
                "color-name": "^1.0.0",
                "simple-swizzle": "^0.2.2"
            }
        },
        "node_modules/esbuild": {
            "version": "0.20.2",
            "resolved": "https://registry.npmjs.org/esbuild/-/esbuild-0.20.2.tgz",
            "integrity": "sha512-WdOOppmUNU+IbZ0PaDiTst80zjnrOkyJNHoKupIcVyU8Lvla3Ugx94VzkQ32Ijqd7UhHJy75gNWDMUekcrSJ6g==",
            "hasInstallScript": true,
            "license": "MIT",
            "bin": {
                "esbuild": "bin/esbuild"
            },
            "engines": {
                "node": ">=12"
            },
            "optionalDependencies": {
                "@esbuild/aix-ppc64": "0.20.2",
                "@esbuild/android-arm": "0.20.2",
                "@esbuild/android-arm64": "0.20.2",
                "@esbuild/android-x64": "0.20.2",
                "@esbuild/darwin-arm64": "0.20.2",
                "@esbuild/darwin-x64": "0.20.2",
                "@esbuild/freebsd-arm64": "0.20.2",
                "@esbuild/freebsd-x64": "0.20.2",
                "@esbuild/linux-arm": "0.20.2",
                "@esbuild/linux-arm64": "0.20.2",
                "@esbuild/linux-ia32": "0.20.2",
                "@esbuild/linux-loong64": "0.20.2",
                "@esbuild/linux-mips64el": "0.20.2",
                "@esbuild/linux-ppc64": "0.20.2",
                "@esbuild/linux-riscv64": "0.20.2",
                "@esbuild/linux-s390x": "0.20.2",
                "@esbuild/linux-x64": "0.20.2",
                "@esbuild/netbsd-x64": "0.20.2",
                "@esbuild/openbsd-x64": "0.20.2",
                "@esbuild/sunos-x64": "0.20.2",
                "@esbuild/win32-arm64": "0.20.2",
                "@esbuild/win32-ia32": "0.20.2",
                "@esbuild/win32-x64": "0.20.2"
            }
        },
        "node_modules/flatpickr": {
            "version": "4.6.13",
            "resolved": "https://registry.npmjs.org/flatpickr/-/flatpickr-4.6.13.tgz",
            "integrity": "sha512-97PMG/aywoYpB4IvbvUJi0RQi8vearvU0oov1WW3k0WZPBMrTQVqekSX5CjSG/M4Q3i6A/0FKXC7RyAoAUUSPw==",
            "license": "MIT"
        },
        "node_modules/is-arrayish": {
            "version": "0.3.4",
            "resolved": "https://registry.npmjs.org/is-arrayish/-/is-arrayish-0.3.4.tgz",
            "integrity": "sha512-m6UrgzFVUYawGBh1dUsWR5M2Clqic9RVXC/9f8ceNlv2IcO9j9J/z8UoCLPqtsPBFNzEpfR3xftohbfqDx8EQA==",
            "license": "MIT"
        },
        "node_modules/lit": {
            "version": "3.3.2",
            "resolved": "https://registry.npmjs.org/lit/-/lit-3.3.2.tgz",
            "integrity": "sha512-NF9zbsP79l4ao2SNrH3NkfmFgN/hBYSQo90saIVI1o5GpjAdCPVstVzO1MrLOakHoEhYkrtRjPK6Ob521aoYWQ==",
            "license": "BSD-3-Clause",
            "dependencies": {
                "@lit/reactive-element": "^2.1.0",
                "lit-element": "^4.2.0",
                "lit-html": "^3.3.0"
            }
        },
        "node_modules/lit-element": {
            "version": "4.2.2",
            "resolved": "https://registry.npmjs.org/lit-element/-/lit-element-4.2.2.tgz",
            "integrity": "sha512-aFKhNToWxoyhkNDmWZwEva2SlQia+jfG0fjIWV//YeTaWrVnOxD89dPKfigCUspXFmjzOEUQpOkejH5Ly6sG0w==",
            "license": "BSD-3-Clause",
            "dependencies": {
                "@lit-labs/ssr-dom-shim": "^1.5.0",
                "@lit/reactive-element": "^2.1.0",
                "lit-html": "^3.3.0"
            }
        },
        "node_modules/lit-html": {
            "version": "3.3.2",
            "resolved": "https://registry.npmjs.org/lit-html/-/lit-html-3.3.2.tgz",
            "integrity": "sha512-Qy9hU88zcmaxBXcc10ZpdK7cOLXvXpRoBxERdtqV9QOrfpMZZ6pSYP91LhpPtap3sFMUiL7Tw2RImbe0Al2/kw==",
            "license": "BSD-3-Clause",
            "dependencies": {
                "@types/trusted-types": "^2.0.2"
            }
        },
        "node_modules/lodash-es": {
            "version": "4.17.23",
            "resolved": "https://registry.npmjs.org/lodash-es/-/lodash-es-4.17.23.tgz",
            "integrity": "sha512-kVI48u3PZr38HdYz98UmfPnXl2DXrpdctLrFLCd3kOx1xUkOmpFPx7gCWWM5MPkL/fD8zb+Ph0QzjGFs4+hHWg==",
            "license": "MIT"
        },
        "node_modules/simple-swizzle": {
            "version": "0.2.4",
            "resolved": "https://registry.npmjs.org/simple-swizzle/-/simple-swizzle-0.2.4.tgz",
            "integrity": "sha512-nAu1WFPQSMNr2Zn9PGSZK9AGn4t/y97lEm+MXTtUDwfP0ksAIX4nO+6ruD9Jwut4C49SB1Ws+fbXsm/yScWOHw==",
            "license": "MIT",
            "dependencies": {
                "is-arrayish": "^0.3.1"
            }
        },
        "node_modules/tslib": {
            "version": "2.8.1",
            "resolved": "https://registry.npmjs.org/tslib/-/tslib-2.8.1.tgz",
            "integrity": "sha512-oJFu94HQb+KVduSUQL7wnpmqnfmLsOA/nAh6b6EH0wCEoK0/mPeXU6c3wKDV83MkOuHPRHtSXKKU99IBazS/2w==",
            "license": "0BSD"
        },
        "node_modules/typescript": {
            "version": "5.9.3",
            "resolved": "https://registry.npmjs.org/typescript/-/typescript-5.9.3.tgz",
            "integrity": "sha512-jl1vZzPDinLr9eUt3J/t7V6FgNEw9QjvBPdysz9KfQDD41fQrC2Y4vKQdiaUpFT4bXlb1RHhLpp8wtm6M5TgSw==",
            "license": "Apache-2.0",
            "bin": {
                "tsc": "bin/tsc",
                "tsserver": "bin/tsserver"
            },
            "engines": {
                "node": ">=14.17"
            }
        },
        "node_modules/undici-types": {
            "version": "6.21.0",
            "resolved": "https://registry.npmjs.org/undici-types/-/undici-types-6.21.0.tgz",
            "integrity": "sha512-iwDZqg0QAGrg9Rav5H4n0M64c3mkR59cJ6wQp+7C4nI0gsmExaedaYLNO44eT4AtBBwjbTiGPMlt2Md0T9H9JQ==",
            "dev": true,
            "license": "MIT"
        }
    }
}
