# THIS IS AN AUTOGENERATED FILE. DO NOT EDIT THIS FILE DIRECTLY.
# yarn lockfile v1


"@carbon/colors@^11.46.0":
  version "11.46.0"
  resolved "https://registry.yarnpkg.com/@carbon/colors/-/colors-11.46.0.tgz#a55c05a01f4e4146dcc5890fbd809c0c03945b9e"
  integrity sha512-YL4BH2hxHkUT0+wMn8cO3sYN7rb9Nnp7rGttoblM0iTy83n/urwRPcxudifRwJLtASQpravCyLHdIC9WnTtIAA==
  dependencies:
    "@ibm/telemetry-js" "^1.5.0"

"@carbon/feature-flags@>=0.32.0":
  version "0.32.0"
  resolved "https://registry.yarnpkg.com/@carbon/feature-flags/-/feature-flags-0.32.0.tgz#c0f5c5c1751fc131cd2aabeff96b451cb710b49b"
  integrity sha512-a1rFplSEFPwJ4ZsuwvOaKHgoLqPNhjCJdWY6VTgCoytRZqtgYWqwYFEqQkm9/f1mX1lHr6oK/eBpAcmi0Izuvg==
  dependencies:
    "@ibm/telemetry-js" "^1.5.0"

"@carbon/grid@^11.49.0":
  version "11.49.0"
  resolved "https://registry.yarnpkg.com/@carbon/grid/-/grid-11.49.0.tgz#f480b7d5e79d88e88ca66b58fdd976a764c00d54"
  integrity sha512-zZfj/sbwJpXboduVFNUXUdV6LmsEH39fNQQMye4V+788sdvs+ErO8L3onBZFpsek5gI4ebwjpWJu2g5szu2+kQ==
  dependencies:
    "@carbon/layout" "^11.47.0"
    "@ibm/telemetry-js" "^1.5.0"

"@carbon/icon-helpers@10.47.0":
  version "10.47.0"
  resolved "https://registry.yarnpkg.com/@carbon/icon-helpers/-/icon-helpers-10.47.0.tgz#40a6618867980a6da3aedf0da9d8fd7fd078200a"
  integrity sha512-vv2Wkuw7lYkYVKrn5ABzlZD+6ioAYwMuyKi2XPqYY3hrHYoL4CQUnuSFDhlj0DR2HHCB0L5MGRLxHLucx5cc7g==
  dependencies:
    "@ibm/telemetry-js" "^1.2.1"

"@carbon/icons@^11.74.0":
  version "11.74.0"
  resolved "https://registry.yarnpkg.com/@carbon/icons/-/icons-11.74.0.tgz#bfea152ee82801a7553d014d926cbabcc2c326d3"
  integrity sha512-tKAUXSgzLvov2gidRb3/U1NvUWKqxfG3anmWMz7WnTj/W3aK6PXpvgfspqPMOnBsnuF5q5H3Csq6XJ99dUZ5ig==
  dependencies:
    "@ibm/telemetry-js" "^1.5.0"

"@carbon/layout@^11.47.0":
  version "11.47.0"
  resolved "https://registry.yarnpkg.com/@carbon/layout/-/layout-11.47.0.tgz#54201e682848b9a4aac53f5e361465ab23442630"
  integrity sha512-2XR4TVp3uf2IB0WdoZuDcBbc9C8EN/JvZAw9BdHJ3njng8FlUAQUkTFvfoUsJl10868rqA6YeClCElBS4BHofg==
  dependencies:
    "@ibm/telemetry-js" "^1.5.0"

"@carbon/motion@^11.40.0":
  version "11.40.0"
  resolved "https://registry.yarnpkg.com/@carbon/motion/-/motion-11.40.0.tgz#67d2e805ac9a2f5fb48d16741ec7942032d8b361"
  integrity sha512-QjvjMcC3G289GKYDvrf5dDuyol7SXm0TYaFltx+AkJdU6fptDCJ/qjUL5SdVrsLse3jFuI8rada9tRAL5xHS1g==
  dependencies:
    "@ibm/telemetry-js" "^1.5.0"

"@carbon/styles@^1.99.0":
  version "1.99.0"
  resolved "https://registry.yarnpkg.com/@carbon/styles/-/styles-1.99.0.tgz#a3ca9b271aafe8688c6c5c3c209fb51c4d843f98"
  integrity sha512-71iypyzR97h6Z94XRZyel3IEo4+n9TRylKdsYUJASNs7GNIjsIBlwKRn+upUktsyWVNTV1iQ9uzo3UkFcRiEFQ==
  dependencies:
    "@carbon/colors" "^11.46.0"
    "@carbon/feature-flags" ">=0.32.0"
    "@carbon/grid" "^11.49.0"
    "@carbon/layout" "^11.47.0"
    "@carbon/motion" "^11.40.0"
    "@carbon/themes" "^11.67.0"
    "@carbon/type" "^11.53.0"
    "@ibm/plex" "6.0.0-next.6"
    "@ibm/plex-mono" "1.1.0"
    "@ibm/plex-sans" "1.1.0"
    "@ibm/plex-sans-arabic" "1.1.0"
    "@ibm/plex-sans-devanagari" "1.1.0"
    "@ibm/plex-sans-hebrew" "1.1.0"
    "@ibm/plex-sans-thai" "1.1.0"
    "@ibm/plex-sans-thai-looped" "1.1.0"
    "@ibm/plex-serif" "1.1.0"
    "@ibm/telemetry-js" "^1.5.0"

"@carbon/themes@^11.67.0":
  version "11.67.0"
  resolved "https://registry.yarnpkg.com/@carbon/themes/-/themes-11.67.0.tgz#b352ebe59d783e0c0967470bc7c2702ab270e213"
  integrity sha512-sCjmwxvM7nUdsDPef9g2v07Motvd4EYZJJqJyklMfhm9ZJ1oUfwecpW8rLzXylDsOBhrX9s1oCKWG/JqZF3kig==
  dependencies:
    "@carbon/colors" "^11.46.0"
    "@carbon/layout" "^11.47.0"
    "@carbon/type" "^11.53.0"
    "@ibm/telemetry-js" "^1.5.0"
    color "^4.0.0"

"@carbon/type@^11.53.0":
  version "11.53.0"
  resolved "https://registry.yarnpkg.com/@carbon/type/-/type-11.53.0.tgz#0d492b5905bff9bc6ec85e2cf6cf632c28e72348"
  integrity sha512-x3GeJrkvM8wdpBwYbRr6jUsmR2wSRVbIxmPl7kamSFih32+czp7xpt/frG02EAY5xgaEk3N9YCNYspwco42raA==
  dependencies:
    "@carbon/grid" "^11.49.0"
    "@carbon/layout" "^11.47.0"
    "@ibm/telemetry-js" "^1.5.0"

"@carbon/web-components@==2.47.0":
  version "2.47.0"
  resolved "https://registry.yarnpkg.com/@carbon/web-components/-/web-components-2.47.0.tgz#7bf1c2bbfe21d8a009116e93a2c7b97a247114b1"
  integrity sha512-g+vU3/ku/Fff2/2e06u17Ck/zcN9t6tGs+WR2X7lwKkGjzxJCE6O2v8FmmQfCButmZubNpIVdAiOLUZb3EjtOA==
  dependencies:
    "@carbon/icon-helpers" "10.47.0"
    "@carbon/icons" "^11.74.0"
    "@carbon/styles" "^1.99.0"
    "@floating-ui/dom" "^1.6.3"
    "@ibm/telemetry-js" "^1.10.2"
    "@lit/context" "^1.1.3"
    flatpickr "4.6.13"
    lit "^3.1.0"
    lodash-es "^4.17.21"
    tslib "^2.6.3"

"@esbuild/aix-ppc64@0.20.2":
  version "0.20.2"
  resolved "https://registry.yarnpkg.com/@esbuild/aix-ppc64/-/aix-ppc64-0.20.2.tgz#a70f4ac11c6a1dfc18b8bbb13284155d933b9537"
  integrity sha512-D+EBOJHXdNZcLJRBkhENNG8Wji2kgc9AZ9KiPr1JuZjsNtyHzrsfLRrY0tk2H2aoFu6RANO1y1iPPUCDYWkb5g==

"@esbuild/android-arm64@0.20.2":
  version "0.20.2"
  resolved "https://registry.yarnpkg.com/@esbuild/android-arm64/-/android-arm64-0.20.2.tgz#db1c9202a5bc92ea04c7b6840f1bbe09ebf9e6b9"
  integrity sha512-mRzjLacRtl/tWU0SvD8lUEwb61yP9cqQo6noDZP/O8VkwafSYwZ4yWy24kan8jE/IMERpYncRt2dw438LP3Xmg==

"@esbuild/android-arm@0.20.2":
  version "0.20.2"
  resolved "https://registry.yarnpkg.com/@esbuild/android-arm/-/android-arm-0.20.2.tgz#3b488c49aee9d491c2c8f98a909b785870d6e995"
  integrity sha512-t98Ra6pw2VaDhqNWO2Oph2LXbz/EJcnLmKLGBJwEwXX/JAN83Fym1rU8l0JUWK6HkIbWONCSSatf4sf2NBRx/w==

"@esbuild/android-x64@0.20.2":
  version "0.20.2"
  resolved "https://registry.yarnpkg.com/@esbuild/android-x64/-/android-x64-0.20.2.tgz#3b1628029e5576249d2b2d766696e50768449f98"
  integrity sha512-btzExgV+/lMGDDa194CcUQm53ncxzeBrWJcncOBxuC6ndBkKxnHdFJn86mCIgTELsooUmwUm9FkhSp5HYu00Rg==

"@esbuild/darwin-arm64@0.20.2":
  version "0.20.2"
  resolved "https://registry.yarnpkg.com/@esbuild/darwin-arm64/-/darwin-arm64-0.20.2.tgz#6e8517a045ddd86ae30c6608c8475ebc0c4000bb"
  integrity sha512-4J6IRT+10J3aJH3l1yzEg9y3wkTDgDk7TSDFX+wKFiWjqWp/iCfLIYzGyasx9l0SAFPT1HwSCR+0w/h1ES/MjA==

"@esbuild/darwin-x64@0.20.2":
  version "0.20.2"
  resolved "https://registry.yarnpkg.com/@esbuild/darwin-x64/-/darwin-x64-0.20.2.tgz#90ed098e1f9dd8a9381695b207e1cff45540a0d0"
  integrity sha512-tBcXp9KNphnNH0dfhv8KYkZhjc+H3XBkF5DKtswJblV7KlT9EI2+jeA8DgBjp908WEuYll6pF+UStUCfEpdysA==

"@esbuild/freebsd-arm64@0.20.2":
  version "0.20.2"
  resolved "https://registry.yarnpkg.com/@esbuild/freebsd-arm64/-/freebsd-arm64-0.20.2.tgz#d71502d1ee89a1130327e890364666c760a2a911"
  integrity sha512-d3qI41G4SuLiCGCFGUrKsSeTXyWG6yem1KcGZVS+3FYlYhtNoNgYrWcvkOoaqMhwXSMrZRl69ArHsGJ9mYdbbw==

"@esbuild/freebsd-x64@0.20.2":
  version "0.20.2"
  resolved "https://registry.yarnpkg.com/@esbuild/freebsd-x64/-/freebsd-x64-0.20.2.tgz#aa5ea58d9c1dd9af688b8b6f63ef0d3d60cea53c"
  integrity sha512-d+DipyvHRuqEeM5zDivKV1KuXn9WeRX6vqSqIDgwIfPQtwMP4jaDsQsDncjTDDsExT4lR/91OLjRo8bmC1e+Cw==

"@esbuild/linux-arm64@0.20.2":
  version "0.20.2"
  resolved "https://registry.yarnpkg.com/@esbuild/linux-arm64/-/linux-arm64-0.20.2.tgz#055b63725df678379b0f6db9d0fa85463755b2e5"
  integrity sha512-9pb6rBjGvTFNira2FLIWqDk/uaf42sSyLE8j1rnUpuzsODBq7FvpwHYZxQ/It/8b+QOS1RYfqgGFNLRI+qlq2A==

"@esbuild/linux-arm@0.20.2":
  version "0.20.2"
  resolved "https://registry.yarnpkg.com/@esbuild/linux-arm/-/linux-arm-0.20.2.tgz#76b3b98cb1f87936fbc37f073efabad49dcd889c"
  integrity sha512-VhLPeR8HTMPccbuWWcEUD1Az68TqaTYyj6nfE4QByZIQEQVWBB8vup8PpR7y1QHL3CpcF6xd5WVBU/+SBEvGTg==

"@esbuild/linux-ia32@0.20.2":
  version "0.20.2"
  resolved "https://registry.yarnpkg.com/@esbuild/linux-ia32/-/linux-ia32-0.20.2.tgz#c0e5e787c285264e5dfc7a79f04b8b4eefdad7fa"
  integrity sha512-o10utieEkNPFDZFQm9CoP7Tvb33UutoJqg3qKf1PWVeeJhJw0Q347PxMvBgVVFgouYLGIhFYG0UGdBumROyiig==

"@esbuild/linux-loong64@0.20.2":
  version "0.20.2"
  resolved "https://registry.yarnpkg.com/@esbuild/linux-loong64/-/linux-loong64-0.20.2.tgz#a6184e62bd7cdc63e0c0448b83801001653219c5"
  integrity sha512-PR7sp6R/UC4CFVomVINKJ80pMFlfDfMQMYynX7t1tNTeivQ6XdX5r2XovMmha/VjR1YN/HgHWsVcTRIMkymrgQ==

"@esbuild/linux-mips64el@0.20.2":
  version "0.20.2"
  resolved "https://registry.yarnpkg.com/@esbuild/linux-mips64el/-/linux-mips64el-0.20.2.tgz#d08e39ce86f45ef8fc88549d29c62b8acf5649aa"
  integrity sha512-4BlTqeutE/KnOiTG5Y6Sb/Hw6hsBOZapOVF6njAESHInhlQAghVVZL1ZpIctBOoTFbQyGW+LsVYZ8lSSB3wkjA==

"@esbuild/linux-ppc64@0.20.2":
  version "0.20.2"
  resolved "https://registry.yarnpkg.com/@esbuild/linux-ppc64/-/linux-ppc64-0.20.2.tgz#8d252f0b7756ffd6d1cbde5ea67ff8fd20437f20"
  integrity sha512-rD3KsaDprDcfajSKdn25ooz5J5/fWBylaaXkuotBDGnMnDP1Uv5DLAN/45qfnf3JDYyJv/ytGHQaziHUdyzaAg==

"@esbuild/linux-riscv64@0.20.2":
  version "0.20.2"
  resolved "https://registry.yarnpkg.com/@esbuild/linux-riscv64/-/linux-riscv64-0.20.2.tgz#19f6dcdb14409dae607f66ca1181dd4e9db81300"
  integrity sha512-snwmBKacKmwTMmhLlz/3aH1Q9T8v45bKYGE3j26TsaOVtjIag4wLfWSiZykXzXuE1kbCE+zJRmwp+ZbIHinnVg==

"@esbuild/linux-s390x@0.20.2":
  version "0.20.2"
  resolved "https://registry.yarnpkg.com/@esbuild/linux-s390x/-/linux-s390x-0.20.2.tgz#3c830c90f1a5d7dd1473d5595ea4ebb920988685"
  integrity sha512-wcWISOobRWNm3cezm5HOZcYz1sKoHLd8VL1dl309DiixxVFoFe/o8HnwuIwn6sXre88Nwj+VwZUvJf4AFxkyrQ==

"@esbuild/linux-x64@0.20.2":
  version "0.20.2"
  resolved "https://registry.yarnpkg.com/@esbuild/linux-x64/-/linux-x64-0.20.2.tgz#86eca35203afc0d9de0694c64ec0ab0a378f6fff"
  integrity sha512-1MdwI6OOTsfQfek8sLwgyjOXAu+wKhLEoaOLTjbijk6E2WONYpH9ZU2mNtR+lZ2B4uwr+usqGuVfFT9tMtGvGw==

"@esbuild/netbsd-x64@0.20.2":
  version "0.20.2"
  resolved "https://registry.yarnpkg.com/@esbuild/netbsd-x64/-/netbsd-x64-0.20.2.tgz#e771c8eb0e0f6e1877ffd4220036b98aed5915e6"
  integrity sha512-K8/DhBxcVQkzYc43yJXDSyjlFeHQJBiowJ0uVL6Tor3jGQfSGHNNJcWxNbOI8v5k82prYqzPuwkzHt3J1T1iZQ==

"@esbuild/openbsd-x64@0.20.2":
  version "0.20.2"
  resolved "https://registry.yarnpkg.com/@esbuild/openbsd-x64/-/openbsd-x64-0.20.2.tgz#9a795ae4b4e37e674f0f4d716f3e226dd7c39baf"
  integrity sha512-eMpKlV0SThJmmJgiVyN9jTPJ2VBPquf6Kt/nAoo6DgHAoN57K15ZghiHaMvqjCye/uU4X5u3YSMgVBI1h3vKrQ==

"@esbuild/sunos-x64@0.20.2":
  version "0.20.2"
  resolved "https://registry.yarnpkg.com/@esbuild/sunos-x64/-/sunos-x64-0.20.2.tgz#7df23b61a497b8ac189def6e25a95673caedb03f"
  integrity sha512-2UyFtRC6cXLyejf/YEld4Hajo7UHILetzE1vsRcGL3earZEW77JxrFjH4Ez2qaTiEfMgAXxfAZCm1fvM/G/o8w==

"@esbuild/win32-arm64@0.20.2":
  version "0.20.2"
  resolved "https://registry.yarnpkg.com/@esbuild/win32-arm64/-/win32-arm64-0.20.2.tgz#f1ae5abf9ca052ae11c1bc806fb4c0f519bacf90"
  integrity sha512-GRibxoawM9ZCnDxnP3usoUDO9vUkpAxIIZ6GQI+IlVmr5kP3zUq+l17xELTHMWTWzjxa2guPNyrpq1GWmPvcGQ==

"@esbuild/win32-ia32@0.20.2":
  version "0.20.2"
  resolved "https://registry.yarnpkg.com/@esbuild/win32-ia32/-/win32-ia32-0.20.2.tgz#241fe62c34d8e8461cd708277813e1d0ba55ce23"
  integrity sha512-HfLOfn9YWmkSKRQqovpnITazdtquEW8/SoHW7pWpuEeguaZI4QnCRW6b+oZTztdBnZOS2hqJ6im/D5cPzBTTlQ==

"@esbuild/win32-x64@0.20.2":
  version "0.20.2"
  resolved "https://registry.yarnpkg.com/@esbuild/win32-x64/-/win32-x64-0.20.2.tgz#9c907b21e30a52db959ba4f80bb01a0cc403d5cc"
  integrity sha512-N49X4lJX27+l9jbLKSqZ6bKNjzQvHaT8IIFUy+YIqmXQdjYCToGWwOItDrfby14c78aDd5NHQl29xingXfCdLQ==

"@floating-ui/core@^1.0.0":
  version "1.6.2"
  resolved "https://registry.yarnpkg.com/@floating-ui/core/-/core-1.6.2.tgz#d37f3e0ac1f1c756c7de45db13303a266226851a"
  integrity sha512-+2XpQV9LLZeanU4ZevzRnGFg2neDeKHgFLjP6YLW+tly0IvrhqT4u8enLGjLH3qeh85g19xY5rsAusfwTdn5lg==
  dependencies:
    "@floating-ui/utils" "^0.2.0"

"@floating-ui/dom@^1.6.3":
  version "1.6.5"
  resolved "https://registry.yarnpkg.com/@floating-ui/dom/-/dom-1.6.5.tgz#323f065c003f1d3ecf0ff16d2c2c4d38979f4cb9"
  integrity sha512-Nsdud2X65Dz+1RHjAIP0t8z5e2ff/IRbei6BqFrl1urT8sDVzM1HMQ+R0XcU5ceRfyO3I6ayeqIfh+6Wb8LGTw==
  dependencies:
    "@floating-ui/core" "^1.0.0"
    "@floating-ui/utils" "^0.2.0"

"@floating-ui/utils@^0.2.0":
  version "0.2.2"
  resolved "https://registry.yarnpkg.com/@floating-ui/utils/-/utils-0.2.2.tgz#d8bae93ac8b815b2bd7a98078cf91e2724ef11e5"
  integrity sha512-J4yDIIthosAsRZ5CPYP/jQvUAQtlZTTD/4suA08/FEnlxqW3sKS9iAhgsa9VYLZ6vDHn/ixJgIqRQPotoBjxIw==

"@ibm/plex-mono@1.1.0":
  version "1.1.0"
  resolved "https://registry.yarnpkg.com/@ibm/plex-mono/-/plex-mono-1.1.0.tgz#5406e372e2807b3cc1e78be6b8ea64256135c12d"
  integrity sha512-hpsdRxR3BRJkC6wGM4MZcUFD6C8M+mmK76RtAy/hlsfPro9FzpXVdIWC+G3jeQOXof109dxlUvmeKxpeKUG68A==
  dependencies:
    "@ibm/telemetry-js" "^1.6.1"

"@ibm/plex-sans-arabic@1.1.0":
  version "1.1.0"
  resolved "https://registry.yarnpkg.com/@ibm/plex-sans-arabic/-/plex-sans-arabic-1.1.0.tgz#01e351a87f9d21378c38738d016f1dbf8ef20a0a"
  integrity sha512-u8wIS6szLAOFvlBjCFZmtpKIqbhuIuniG2N0J+sio8vV6INH58hP0t0QNYrSl9SZtCv2Fwb4oQGuZJY3kJ4+QA==
  dependencies:
    "@ibm/telemetry-js" "^1.6.1"

"@ibm/plex-sans-devanagari@1.1.0":
  version "1.1.0"
  resolved "https://registry.yarnpkg.com/@ibm/plex-sans-devanagari/-/plex-sans-devanagari-1.1.0.tgz#b8873d547debc4937343a2566819c273299816f3"
  integrity sha512-IVNV9NxXZDzcGZRao/xj+kiFwkdLkcw5vNiKwY8wEzzkpjApXJnPhJ0a7mIKNAh8oIadTIF68+iGtzRKK3nXAQ==
  dependencies:
    "@ibm/telemetry-js" "^1.6.1"

"@ibm/plex-sans-hebrew@1.1.0":
  version "1.1.0"
  resolved "https://registry.yarnpkg.com/@ibm/plex-sans-hebrew/-/plex-sans-hebrew-1.1.0.tgz#6016e57dd24c1a3cfa889c672164bedae56e4869"
  integrity sha512-iix0rLpUD0E8dE8q+/t3B7u1or7h6gEzoy6TK9NwP41AN31WE55f2cFwQAXomBDwr0Ozc9sHYy97NutEukZXzQ==
  dependencies:
    "@ibm/telemetry-js" "^1.6.1"

"@ibm/plex-sans-thai-looped@1.1.0":
  version "1.1.0"
  resolved "https://registry.yarnpkg.com/@ibm/plex-sans-thai-looped/-/plex-sans-thai-looped-1.1.0.tgz#21db23f3df062d223bc422d24c8667d26cd7198e"
  integrity sha512-9zbDGzmtscHgBRTF88y3/92zQx6lmKjz5ZxhgcljilwOpj08BAytDc3mzUl9XGUh+DmOMl0Ql1lk6ecsEYYg2w==
  dependencies:
    "@ibm/telemetry-js" "^1.6.1"

"@ibm/plex-sans-thai@1.1.0":
  version "1.1.0"
  resolved "https://registry.yarnpkg.com/@ibm/plex-sans-thai/-/plex-sans-thai-1.1.0.tgz#d5b7490f349d641d13fa3a6bb8ce27f5b70e69e2"
  integrity sha512-vk7IrjdO69eEElJpFBppCha/wvU48DFyVuDewcfIf5L6Z11s0vbROANCvKipVPRUz1LE4ron8KoitWGcl3AlfA==
  dependencies:
    "@ibm/telemetry-js" "^1.6.1"

"@ibm/plex-sans@1.1.0":
  version "1.1.0"
  resolved "https://registry.yarnpkg.com/@ibm/plex-sans/-/plex-sans-1.1.0.tgz#44a45a8e269870221c431eb4e8023dca6ed21ceb"
  integrity sha512-WPgvO6Yfj2w5YbhyAr1tv95RUz4LRJlqN+CmYvBglabXteufP1D1E9BABMde+ZIKdRbFJDoKF5eQzfhpnbgZcQ==
  dependencies:
    "@ibm/telemetry-js" "^1.6.1"

"@ibm/plex-serif@1.1.0":
  version "1.1.0"
  resolved "https://registry.yarnpkg.com/@ibm/plex-serif/-/plex-serif-1.1.0.tgz#1b1d6091e06f6a07c2f83aad6572e53730849491"
  integrity sha512-ORIyWlK8t8mvpFI7AAfhVFH+sacink2l9AjLiKZscmAzLVSa2dqFckrPOXqx4dK/cax567gWwCpJNEYk7xWxBQ==
  dependencies:
    "@ibm/telemetry-js" "^1.6.1"

"@ibm/plex@6.0.0-next.6":
  version "6.0.0-next.6"
  resolved "https://registry.yarnpkg.com/@ibm/plex/-/plex-6.0.0-next.6.tgz#5b4ab81a84ddb06651fdf684521927cdce135b79"
  integrity sha512-B3uGruTn2rS5gweynLmfSe7yCawSRsJguJJQHVQiqf4rh2RNgJFu8YLE2Zd/JHV0ZXoVMOslcXP2k3hMkxKEyA==

"@ibm/telemetry-js@^1.10.2", "@ibm/telemetry-js@^1.2.1", "@ibm/telemetry-js@^1.6.1":
  version "1.11.0"
  resolved "https://registry.yarnpkg.com/@ibm/telemetry-js/-/telemetry-js-1.11.0.tgz#3270e7b7ec8f30eb940e1d28448315ea9287062e"
  integrity sha512-RO/9j+URJnSfseWg9ZkEX9p+a3Ousd33DBU7rOafoZB08RqdzxFVYJ2/iM50dkBuD0o7WX7GYt1sLbNgCoE+pA==

"@ibm/telemetry-js@^1.5.0":
  version "1.5.2"
  resolved "https://registry.yarnpkg.com/@ibm/telemetry-js/-/telemetry-js-1.5.2.tgz#a0ccab518bad34a6e61faad64011b7a533f2b9c0"
  integrity sha512-KyvaHbiNMDtz2k/9DltkK3YkWTyvz8y7Pq1sQ4cnXDMzHiEatOyxw3zZgK9li80tgUOYMQLck9DLewEuhvtg7w==

"@lit-labs/ssr-dom-shim@^1.5.0":
  version "1.5.1"
  resolved "https://registry.yarnpkg.com/@lit-labs/ssr-dom-shim/-/ssr-dom-shim-1.5.1.tgz#3166900c0d481f03d6d4133686e0febf760d521d"
  integrity sha512-Aou5UdlSpr5whQe8AA/bZG0jMj96CoJIWbGfZ91qieWu5AWUMKw8VR/pAkQkJYvBNhmCcWnZlyyk5oze8JIqYA==

"@lit/context@^1.1.3":
  version "1.1.6"
  resolved "https://registry.yarnpkg.com/@lit/context/-/context-1.1.6.tgz#ae67126bab4cabda65374a3286e4168f07bc31e6"
  integrity sha512-M26qDE6UkQbZA2mQ3RjJ3Gzd8TxP+/0obMgE5HfkfLhEEyYE3Bui4A5XHiGPjy0MUGAyxB3QgVuw2ciS0kHn6A==
  dependencies:
    "@lit/reactive-element" "^1.6.2 || ^2.1.0"

"@lit/reactive-element@^1.6.2 || ^2.1.0", "@lit/reactive-element@^2.1.0":
  version "2.1.2"
  resolved "https://registry.yarnpkg.com/@lit/reactive-element/-/reactive-element-2.1.2.tgz#4c6af9042603c98e61ba90b294607904d51b61cb"
  integrity sha512-pbCDiVMnne1lYUIaYNN5wrwQXDtHaYtg7YEFPeW+hws6U47WeFvISGUWekPGKWOP1ygrs0ef0o1VJMk1exos5A==
  dependencies:
    "@lit-labs/ssr-dom-shim" "^1.5.0"

"@types/node@^20.11.30":
  version "20.14.2"
  resolved "https://registry.yarnpkg.com/@types/node/-/node-20.14.2.tgz#a5f4d2bcb4b6a87bffcaa717718c5a0f208f4a18"
  integrity sha512-xyu6WAMVwv6AKFLB+e/7ySZVr/0zLCzOa7rSpq6jNwpqOrUbcACDWC+53d4n2QHOnDou0fbIsg8wZu/sxrnI4Q==
  dependencies:
    undici-types "~5.26.4"

"@types/trusted-types@^2.0.2":
  version "2.0.7"
  resolved "https://registry.yarnpkg.com/@types/trusted-types/-/trusted-types-2.0.7.tgz#baccb07a970b91707df3a3e8ba6896c57ead2d11"
  integrity sha512-ScaPdn1dQczgbl0QFTeTOmVHFULt394XJgOQNoyVhZ6r2vLnMLJfBPd53SB52T/3G36VI1/g2MZaX0cwDuXsfw==

color-convert@^2.0.1:
  version "2.0.1"
  resolved "https://registry.yarnpkg.com/color-convert/-/color-convert-2.0.1.tgz#72d3a68d598c9bdb3af2ad1e84f21d896abd4de3"
  integrity sha512-RRECPsj7iu/xb5oKYcsFHSppFNnsj/52OVTRKb4zP5onXwVF3zVmmToNcOfGC+CRDpfK/U584fMg38ZHCaElKQ==
  dependencies:
    color-name "~1.1.4"

color-name@^1.0.0, color-name@~1.1.4:
  version "1.1.4"
  resolved "https://registry.yarnpkg.com/color-name/-/color-name-1.1.4.tgz#c2a09a87acbde69543de6f63fa3995c826c536a2"
  integrity sha512-dOy+3AuW3a2wNbZHIuMZpTcgjGuLU/uBL/ubcZF9OXbDo8ff4O8yVp5Bf0efS8uEoYo5q4Fx7dY9OgQGXgAsQA==

color-string@^1.9.0:
  version "1.9.1"
  resolved "https://registry.yarnpkg.com/color-string/-/color-string-1.9.1.tgz#4467f9146f036f855b764dfb5bf8582bf342c7a4"
  integrity sha512-shrVawQFojnZv6xM40anx4CkoDP+fZsw/ZerEMsW/pyzsRbElpsL/DBVW7q3ExxwusdNXI3lXpuhEZkzs8p5Eg==
  dependencies:
    color-name "^1.0.0"
    simple-swizzle "^0.2.2"

color@^4.0.0:
  version "4.2.3"
  resolved "https://registry.yarnpkg.com/color/-/color-4.2.3.tgz#d781ecb5e57224ee43ea9627560107c0e0c6463a"
  integrity sha512-1rXeuUUiGGrykh+CeBdu5Ie7OJwinCgQY0bc7GCRxy5xVHy+moaqkpL/jqQq0MtQOeYcrqEz4abc5f0KtU7W4A==
  dependencies:
    color-convert "^2.0.1"
    color-string "^1.9.0"

esbuild@^0.20.2:
  version "0.20.2"
  resolved "https://registry.yarnpkg.com/esbuild/-/esbuild-0.20.2.tgz#9d6b2386561766ee6b5a55196c6d766d28c87ea1"
  integrity sha512-WdOOppmUNU+IbZ0PaDiTst80zjnrOkyJNHoKupIcVyU8Lvla3Ugx94VzkQ32Ijqd7UhHJy75gNWDMUekcrSJ6g==
  optionalDependencies:
    "@esbuild/aix-ppc64" "0.20.2"
    "@esbuild/android-arm" "0.20.2"
    "@esbuild/android-arm64" "0.20.2"
    "@esbuild/android-x64" "0.20.2"
    "@esbuild/darwin-arm64" "0.20.2"
    "@esbuild/darwin-x64" "0.20.2"
    "@esbuild/freebsd-arm64" "0.20.2"
    "@esbuild/freebsd-x64" "0.20.2"
    "@esbuild/linux-arm" "0.20.2"
    "@esbuild/linux-arm64" "0.20.2"
    "@esbuild/linux-ia32" "0.20.2"
    "@esbuild/linux-loong64" "0.20.2"
    "@esbuild/linux-mips64el" "0.20.2"
    "@esbuild/linux-ppc64" "0.20.2"
    "@esbuild/linux-riscv64" "0.20.2"
    "@esbuild/linux-s390x" "0.20.2"
    "@esbuild/linux-x64" "0.20.2"
    "@esbuild/netbsd-x64" "0.20.2"
    "@esbuild/openbsd-x64" "0.20.2"
    "@esbuild/sunos-x64" "0.20.2"
    "@esbuild/win32-arm64" "0.20.2"
    "@esbuild/win32-ia32" "0.20.2"
    "@esbuild/win32-x64" "0.20.2"

flatpickr@4.6.13:
  version "4.6.13"
  resolved "https://registry.yarnpkg.com/flatpickr/-/flatpickr-4.6.13.tgz#8a029548187fd6e0d670908471e43abe9ad18d94"
  integrity sha512-97PMG/aywoYpB4IvbvUJi0RQi8vearvU0oov1WW3k0WZPBMrTQVqekSX5CjSG/M4Q3i6A/0FKXC7RyAoAUUSPw==

is-arrayish@^0.3.1:
  version "0.3.2"
  resolved "https://registry.yarnpkg.com/is-arrayish/-/is-arrayish-0.3.2.tgz#4574a2ae56f7ab206896fb431eaeed066fdf8f03"
  integrity sha512-eVRqCvVlZbuw3GrM63ovNSNAeA1K16kaR/LRY/92w0zxQ5/1YzwblUX652i4Xs9RwAGjW9d9y6X88t8OaAJfWQ==

lit-element@^4.2.0:
  version "4.2.2"
  resolved "https://registry.yarnpkg.com/lit-element/-/lit-element-4.2.2.tgz#f74fcbfbea945eae5614ece22a674fa52ca3365b"
  integrity sha512-aFKhNToWxoyhkNDmWZwEva2SlQia+jfG0fjIWV//YeTaWrVnOxD89dPKfigCUspXFmjzOEUQpOkejH5Ly6sG0w==
  dependencies:
    "@lit-labs/ssr-dom-shim" "^1.5.0"
    "@lit/reactive-element" "^2.1.0"
    lit-html "^3.3.0"

lit-html@^3.3.0:
  version "3.3.2"
  resolved "https://registry.yarnpkg.com/lit-html/-/lit-html-3.3.2.tgz#4db11fdbf98fc8a0c5eabd9b1e7d088d3bb201a2"
  integrity sha512-Qy9hU88zcmaxBXcc10ZpdK7cOLXvXpRoBxERdtqV9QOrfpMZZ6pSYP91LhpPtap3sFMUiL7Tw2RImbe0Al2/kw==
  dependencies:
    "@types/trusted-types" "^2.0.2"

lit@^3.1.0:
  version "3.3.2"
  resolved "https://registry.yarnpkg.com/lit/-/lit-3.3.2.tgz#d9230ebbf237bfd3d2091bc0b56c576a470ac4d7"
  integrity sha512-NF9zbsP79l4ao2SNrH3NkfmFgN/hBYSQo90saIVI1o5GpjAdCPVstVzO1MrLOakHoEhYkrtRjPK6Ob521aoYWQ==
  dependencies:
    "@lit/reactive-element" "^2.1.0"
    lit-element "^4.2.0"
    lit-html "^3.3.0"

lodash-es@^4.17.21:
  version "4.17.21"
  resolved "https://registry.yarnpkg.com/lodash-es/-/lodash-es-4.17.21.tgz#43e626c46e6591b7750beb2b50117390c609e3ee"
  integrity sha512-mKnC+QJ9pWVzv+C4/U3rRsHapFfHvQFoFB92e52xeyGMcX6/OlIl78je1u8vePzYZSkkogMPJ2yjxxsb89cxyw==

simple-swizzle@^0.2.2:
  version "0.2.2"
  resolved "https://registry.yarnpkg.com/simple-swizzle/-/simple-swizzle-0.2.2.tgz#a4da6b635ffcccca33f70d17cb92592de95e557a"
  integrity sha512-JA//kQgZtbuY83m+xT+tXJkmJncGMTFT+C+g2h2R9uxkYIrE2yy9sgmcLhCnw57/WSD+Eh3J97FPEDFnbXnDUg==
  dependencies:
    is-arrayish "^0.3.1"

tslib@^2.6.3:
  version "2.8.1"
  resolved "https://registry.yarnpkg.com/tslib/-/tslib-2.8.1.tgz#612efe4ed235d567e8aba5f2a5fab70280ade83f"
  integrity sha512-oJFu94HQb+KVduSUQL7wnpmqnfmLsOA/nAh6b6EH0wCEoK0/mPeXU6c3wKDV83MkOuHPRHtSXKKU99IBazS/2w==

typescript@^5.4.3:
  version "5.4.5"
  resolved "https://registry.yarnpkg.com/typescript/-/typescript-5.4.5.tgz#42ccef2c571fdbd0f6718b1d1f5e6e5ef006f611"
  integrity sha512-vcI4UpRgg81oIRUFwR0WSIHKt11nJ7SAVlYNIu+QpqeyXP+gpQJy/Z4+F0aGxSE4MqwjyXvW/TzgkLAx2AGHwQ==

undici-types@~5.26.4:
  version "5.26.5"
  resolved "https://registry.yarnpkg.com/undici-types/-/undici-types-5.26.5.tgz#bcd539893d00b56e964fd2657a4866b221a65617"
  integrity sha512-JlCMO+ehdEIKqlFxk6IfVoAUVmgz7cU7zD/h9XZ0qzeosSHmUJVOzSQvvYSYWXkFXC+IfLKSIffhv0sVZup6pA==
